
Microsoft Visual Studio Solution File, Format Version 12.00
# Visual Studio Version 16
VisualStudioVersion = 16.0.30413.136
MinimumVisualStudioVersion = 10.0.40219.1
Project("{FAE04EC0-301F-11D3-BF4B-00C04F79EFBC}") = "SimpleWebApi", "SimpleWebApi\SimpleWebApi.csproj", "{D3B7790D-3908-46E2-B23F-D609C596ED57}"
EndProject
Global
	GlobalSection(SolutionConfigurationPlatforms) = preSolution
		Debug|Any CPU = Debug|Any CPU
		Release|Any CPU = Release|Any CPU
	EndGlobalSection
	GlobalSection(ProjectConfigurationPlatforms) = postSolution
		{D3B7790D-3908-46E2-B23F-D609C596ED57}.Debug|Any CPU.ActiveCfg = Debug|Any CPU
		{D3B7790D-3908-46E2-B23F-D609C596ED57}.Debug|Any CPU.Build.0 = Debug|Any CPU
		{D3B7790D-3908-46E2-B23F-D609C596ED57}.Release|Any CPU.ActiveCfg = Release|Any CPU
		{D3B7790D-3908-46E2-B23F-D609C596ED57}.Release|Any CPU.Build.0 = Release|Any CPU
	EndGlobalSection
	GlobalSection(SolutionProperties) = preSolution
		HideSolutionNode = FALSE
	EndGlobalSection
	GlobalSection(ExtensibilityGlobals) = postSolution
		SolutionGuid = {34CFD9F3-D3EB-4CC5-8116-9F877582EEFC}
	EndGlobalSection
EndGlobal
